
Microsoft Visual Studio Solution File, Format Version 12.00
# Visual Studio Version 16
VisualStudioVersion = 16.0.32228.343
MinimumVisualStudioVersion = 10.0.40219.1
Project("{FAE04EC0-301F-11D3-BF4B-00C04F79EFBC}") = "First project", "CCourse 2022 Kyryk\First project.csproj", "{0C80D545-64A6-45AD-A5E3-05F78379B6D7}"
EndProject
Global
	GlobalSection(SolutionConfigurationPlatforms) = preSolution
		Debug|Any CPU = Debug|Any CPU
		Release|Any CPU = Release|Any CPU
	EndGlobalSection
	GlobalSection(ProjectConfigurationPlatforms) = postSolution
		{0C80D545-64A6-45AD-A5E3-05F78379B6D7}.Debug|Any CPU.ActiveCfg = Debug|Any CPU
		{0C80D545-64A6-45AD-A5E3-05F78379B6D7}.Debug|Any CPU.Build.0 = Debug|Any CPU
		{0C80D545-64A6-45AD-A5E3-05F78379B6D7}.Release|Any CPU.ActiveCfg = Release|Any CPU
		{0C80D545-64A6-45AD-A5E3-05F78379B6D7}.Release|Any CPU.Build.0 = Release|Any CPU
	EndGlobalSection
	GlobalSection(SolutionProperties) = preSolution
		HideSolutionNode = FALSE
	EndGlobalSection
	GlobalSection(ExtensibilityGlobals) = postSolution
		SolutionGuid = {A0A12E23-5346-49EF-A7F6-E4FA27C7F9D3}
	EndGlobalSection
EndGlobal
