
Microsoft Visual Studio Solution File, Format Version 12.00
# Visual Studio Version 16
VisualStudioVersion = 16.0.32630.194
MinimumVisualStudioVersion = 10.0.40219.1
Project("{FAE04EC0-301F-11D3-BF4B-00C04F79EFBC}") = "ConsoleApp1", "ConsoleApp1\ConsoleApp1.csproj", "{3C0E40E1-E488-42AC-B321-300F7C0880B7}"
EndProject
Global
	GlobalSection(SolutionConfigurationPlatforms) = preSolution
		Debug|Any CPU = Debug|Any CPU
		Release|Any CPU = Release|Any CPU
	EndGlobalSection
	GlobalSection(ProjectConfigurationPlatforms) = postSolution
		{3C0E40E1-E488-42AC-B321-300F7C0880B7}.Debug|Any CPU.ActiveCfg = Debug|Any CPU
		{3C0E40E1-E488-42AC-B321-300F7C0880B7}.Debug|Any CPU.Build.0 = Debug|Any CPU
		{3C0E40E1-E488-42AC-B321-300F7C0880B7}.Release|Any CPU.ActiveCfg = Release|Any CPU
		{3C0E40E1-E488-42AC-B321-300F7C0880B7}.Release|Any CPU.Build.0 = Release|Any CPU
	EndGlobalSection
	GlobalSection(SolutionProperties) = preSolution
		HideSolutionNode = FALSE
	EndGlobalSection
	GlobalSection(ExtensibilityGlobals) = postSolution
		SolutionGuid = {198B0A79-C6EF-4F54-B53F-B5A7D9B47576}
	EndGlobalSection
EndGlobal
