
Microsoft Visual Studio Solution File, Format Version 12.00
# Visual Studio Version 16
VisualStudioVersion = 16.0.32802.440
MinimumVisualStudioVersion = 10.0.40219.1
Project("{FAE04EC0-301F-11D3-BF4B-00C04F79EFBC}") = "Console_209_210", "Console_209_210.csproj", "{A76F1CCD-3DD8-4923-B76D-A79A82B1B394}"
EndProject
Global
	GlobalSection(SolutionConfigurationPlatforms) = preSolution
		Debug|Any CPU = Debug|Any CPU
		Release|Any CPU = Release|Any CPU
	EndGlobalSection
	GlobalSection(ProjectConfigurationPlatforms) = postSolution
		{A76F1CCD-3DD8-4923-B76D-A79A82B1B394}.Debug|Any CPU.ActiveCfg = Debug|Any CPU
		{A76F1CCD-3DD8-4923-B76D-A79A82B1B394}.Debug|Any CPU.Build.0 = Debug|Any CPU
		{A76F1CCD-3DD8-4923-B76D-A79A82B1B394}.Release|Any CPU.ActiveCfg = Release|Any CPU
		{A76F1CCD-3DD8-4923-B76D-A79A82B1B394}.Release|Any CPU.Build.0 = Release|Any CPU
	EndGlobalSection
	GlobalSection(SolutionProperties) = preSolution
		HideSolutionNode = FALSE
	EndGlobalSection
	GlobalSection(ExtensibilityGlobals) = postSolution
		SolutionGuid = {1797206B-8523-4CD9-8E31-2D6C6BB64F35}
	EndGlobalSection
EndGlobal
