
Microsoft Visual Studio Solution File, Format Version 12.00
# Visual Studio Version 17
VisualStudioVersion = 17.2.32630.192
MinimumVisualStudioVersion = 10.0.40219.1
Project("{FAE04EC0-301F-11D3-BF4B-00C04F79EFBC}") = "Task_203", "Task_203\Task_203.csproj", "{6461ED39-4406-473D-ACE6-DBC80D186F3E}"
EndProject
Global
	GlobalSection(SolutionConfigurationPlatforms) = preSolution
		Debug|Any CPU = Debug|Any CPU
		Release|Any CPU = Release|Any CPU
	EndGlobalSection
	GlobalSection(ProjectConfigurationPlatforms) = postSolution
		{6461ED39-4406-473D-ACE6-DBC80D186F3E}.Debug|Any CPU.ActiveCfg = Debug|Any CPU
		{6461ED39-4406-473D-ACE6-DBC80D186F3E}.Debug|Any CPU.Build.0 = Debug|Any CPU
		{6461ED39-4406-473D-ACE6-DBC80D186F3E}.Release|Any CPU.ActiveCfg = Release|Any CPU
		{6461ED39-4406-473D-ACE6-DBC80D186F3E}.Release|Any CPU.Build.0 = Release|Any CPU
	EndGlobalSection
	GlobalSection(SolutionProperties) = preSolution
		HideSolutionNode = FALSE
	EndGlobalSection
	GlobalSection(ExtensibilityGlobals) = postSolution
		SolutionGuid = {3911B5C7-9178-4CD9-9049-EA0978062E51}
	EndGlobalSection
EndGlobal
