
Microsoft Visual Studio Solution File, Format Version 12.00
# Visual Studio Version 16
VisualStudioVersion = 16.0.32630.194
MinimumVisualStudioVersion = 10.0.40219.1
Project("{FAE04EC0-301F-11D3-BF4B-00C04F79EFBC}") = "Radiuk_Task203", "Radiuk_Task203\Radiuk_Task203.csproj", "{3C97D1CB-4418-4FD9-B9A0-3C75F57E8831}"
EndProject
Global
	GlobalSection(SolutionConfigurationPlatforms) = preSolution
		Debug|Any CPU = Debug|Any CPU
		Release|Any CPU = Release|Any CPU
	EndGlobalSection
	GlobalSection(ProjectConfigurationPlatforms) = postSolution
		{3C97D1CB-4418-4FD9-B9A0-3C75F57E8831}.Debug|Any CPU.ActiveCfg = Debug|Any CPU
		{3C97D1CB-4418-4FD9-B9A0-3C75F57E8831}.Debug|Any CPU.Build.0 = Debug|Any CPU
		{3C97D1CB-4418-4FD9-B9A0-3C75F57E8831}.Release|Any CPU.ActiveCfg = Release|Any CPU
		{3C97D1CB-4418-4FD9-B9A0-3C75F57E8831}.Release|Any CPU.Build.0 = Release|Any CPU
	EndGlobalSection
	GlobalSection(SolutionProperties) = preSolution
		HideSolutionNode = FALSE
	EndGlobalSection
	GlobalSection(ExtensibilityGlobals) = postSolution
		SolutionGuid = {6C4E4640-2C4E-4D91-8671-95F889A4E94B}
	EndGlobalSection
EndGlobal
