
Microsoft Visual Studio Solution File, Format Version 12.00
# Visual Studio Version 16
VisualStudioVersion = 16.0.32630.194
MinimumVisualStudioVersion = 10.0.40219.1
Project("{FAE04EC0-301F-11D3-BF4B-00C04F79EFBC}") = "Console_app", "Console_app\Console_app.csproj", "{0D225BD6-9114-4608-B619-413D885F6ADD}"
EndProject
Global
	GlobalSection(SolutionConfigurationPlatforms) = preSolution
		Debug|Any CPU = Debug|Any CPU
		Release|Any CPU = Release|Any CPU
	EndGlobalSection
	GlobalSection(ProjectConfigurationPlatforms) = postSolution
		{0D225BD6-9114-4608-B619-413D885F6ADD}.Debug|Any CPU.ActiveCfg = Debug|Any CPU
		{0D225BD6-9114-4608-B619-413D885F6ADD}.Debug|Any CPU.Build.0 = Debug|Any CPU
		{0D225BD6-9114-4608-B619-413D885F6ADD}.Release|Any CPU.ActiveCfg = Release|Any CPU
		{0D225BD6-9114-4608-B619-413D885F6ADD}.Release|Any CPU.Build.0 = Release|Any CPU
	EndGlobalSection
	GlobalSection(SolutionProperties) = preSolution
		HideSolutionNode = FALSE
	EndGlobalSection
	GlobalSection(ExtensibilityGlobals) = postSolution
		SolutionGuid = {C9F28D4A-874F-4463-9995-BAE365C336B0}
	EndGlobalSection
EndGlobal
