
Microsoft Visual Studio Solution File, Format Version 12.00
# Visual Studio Version 16
VisualStudioVersion = 16.0.32630.194
MinimumVisualStudioVersion = 10.0.40219.1
Project("{FAE04EC0-301F-11D3-BF4B-00C04F79EFBC}") = "SimpleTask", "SimpleTask.csproj", "{47AB517B-4641-4722-98C7-F6916640413D}"
EndProject
Global
	GlobalSection(SolutionConfigurationPlatforms) = preSolution
		Debug|Any CPU = Debug|Any CPU
		Release|Any CPU = Release|Any CPU
	EndGlobalSection
	GlobalSection(ProjectConfigurationPlatforms) = postSolution
		{47AB517B-4641-4722-98C7-F6916640413D}.Debug|Any CPU.ActiveCfg = Debug|Any CPU
		{47AB517B-4641-4722-98C7-F6916640413D}.Debug|Any CPU.Build.0 = Debug|Any CPU
		{47AB517B-4641-4722-98C7-F6916640413D}.Release|Any CPU.ActiveCfg = Release|Any CPU
		{47AB517B-4641-4722-98C7-F6916640413D}.Release|Any CPU.Build.0 = Release|Any CPU
	EndGlobalSection
	GlobalSection(SolutionProperties) = preSolution
		HideSolutionNode = FALSE
	EndGlobalSection
	GlobalSection(ExtensibilityGlobals) = postSolution
		SolutionGuid = {DAC127BD-6A40-43C7-A7F2-2A969311A872}
	EndGlobalSection
EndGlobal
