
Microsoft Visual Studio Solution File, Format Version 12.00
# Visual Studio Version 16
VisualStudioVersion = 16.0.32630.194
MinimumVisualStudioVersion = 10.0.40219.1
Project("{FAE04EC0-301F-11D3-BF4B-00C04F79EFBC}") = "Radiuk_Task205", "Radiuk_Task205\Radiuk_Task205.csproj", "{D5742FBA-B73C-44FA-8BF2-0AB785AF4610}"
EndProject
Global
	GlobalSection(SolutionConfigurationPlatforms) = preSolution
		Debug|Any CPU = Debug|Any CPU
		Release|Any CPU = Release|Any CPU
	EndGlobalSection
	GlobalSection(ProjectConfigurationPlatforms) = postSolution
		{D5742FBA-B73C-44FA-8BF2-0AB785AF4610}.Debug|Any CPU.ActiveCfg = Debug|Any CPU
		{D5742FBA-B73C-44FA-8BF2-0AB785AF4610}.Debug|Any CPU.Build.0 = Debug|Any CPU
		{D5742FBA-B73C-44FA-8BF2-0AB785AF4610}.Release|Any CPU.ActiveCfg = Release|Any CPU
		{D5742FBA-B73C-44FA-8BF2-0AB785AF4610}.Release|Any CPU.Build.0 = Release|Any CPU
	EndGlobalSection
	GlobalSection(SolutionProperties) = preSolution
		HideSolutionNode = FALSE
	EndGlobalSection
	GlobalSection(ExtensibilityGlobals) = postSolution
		SolutionGuid = {EA1685F3-629C-49E9-AD10-1AD949100816}
	EndGlobalSection
EndGlobal
