
Microsoft Visual Studio Solution File, Format Version 12.00
# Visual Studio Version 16
VisualStudioVersion = 16.0.32630.194
MinimumVisualStudioVersion = 10.0.40219.1
Project("{FAE04EC0-301F-11D3-BF4B-00C04F79EFBC}") = "Radiuk_Task204", "Radiuk_Task204\Radiuk_Task204.csproj", "{DD809D99-0C1F-4B80-BA8B-9F10E6E60C47}"
EndProject
Global
	GlobalSection(SolutionConfigurationPlatforms) = preSolution
		Debug|Any CPU = Debug|Any CPU
		Release|Any CPU = Release|Any CPU
	EndGlobalSection
	GlobalSection(ProjectConfigurationPlatforms) = postSolution
		{DD809D99-0C1F-4B80-BA8B-9F10E6E60C47}.Debug|Any CPU.ActiveCfg = Debug|Any CPU
		{DD809D99-0C1F-4B80-BA8B-9F10E6E60C47}.Debug|Any CPU.Build.0 = Debug|Any CPU
		{DD809D99-0C1F-4B80-BA8B-9F10E6E60C47}.Release|Any CPU.ActiveCfg = Release|Any CPU
		{DD809D99-0C1F-4B80-BA8B-9F10E6E60C47}.Release|Any CPU.Build.0 = Release|Any CPU
	EndGlobalSection
	GlobalSection(SolutionProperties) = preSolution
		HideSolutionNode = FALSE
	EndGlobalSection
	GlobalSection(ExtensibilityGlobals) = postSolution
		SolutionGuid = {3AA46F61-4F24-41E3-B605-9BEBBF6D954F}
	EndGlobalSection
EndGlobal
