
Microsoft Visual Studio Solution File, Format Version 12.00
# Visual Studio Version 16
VisualStudioVersion = 16.0.31205.134
MinimumVisualStudioVersion = 10.0.40219.1
Project("{FAE04EC0-301F-11D3-BF4B-00C04F79EFBC}") = "Task_302", "Task_302\Task_302.csproj", "{ED695EC6-518A-4FB5-83F7-8291FE390A77}"
EndProject
Global
	GlobalSection(SolutionConfigurationPlatforms) = preSolution
		Debug|Any CPU = Debug|Any CPU
		Release|Any CPU = Release|Any CPU
	EndGlobalSection
	GlobalSection(ProjectConfigurationPlatforms) = postSolution
		{ED695EC6-518A-4FB5-83F7-8291FE390A77}.Debug|Any CPU.ActiveCfg = Debug|Any CPU
		{ED695EC6-518A-4FB5-83F7-8291FE390A77}.Debug|Any CPU.Build.0 = Debug|Any CPU
		{ED695EC6-518A-4FB5-83F7-8291FE390A77}.Release|Any CPU.ActiveCfg = Release|Any CPU
		{ED695EC6-518A-4FB5-83F7-8291FE390A77}.Release|Any CPU.Build.0 = Release|Any CPU
	EndGlobalSection
	GlobalSection(SolutionProperties) = preSolution
		HideSolutionNode = FALSE
	EndGlobalSection
	GlobalSection(ExtensibilityGlobals) = postSolution
		SolutionGuid = {2C0C843C-EBCD-463E-8184-C4B9E96B7C38}
	EndGlobalSection
EndGlobal
