
Microsoft Visual Studio Solution File, Format Version 12.00
# Visual Studio Version 16
VisualStudioVersion = 16.0.31205.134
MinimumVisualStudioVersion = 10.0.40219.1
Project("{FAE04EC0-301F-11D3-BF4B-00C04F79EFBC}") = "Task_203", "Task_203\Task_203.csproj", "{A61A29C1-B0A0-4022-8C52-A5BD2BF961F4}"
EndProject
Global
	GlobalSection(SolutionConfigurationPlatforms) = preSolution
		Debug|Any CPU = Debug|Any CPU
		Release|Any CPU = Release|Any CPU
	EndGlobalSection
	GlobalSection(ProjectConfigurationPlatforms) = postSolution
		{A61A29C1-B0A0-4022-8C52-A5BD2BF961F4}.Debug|Any CPU.ActiveCfg = Debug|Any CPU
		{A61A29C1-B0A0-4022-8C52-A5BD2BF961F4}.Debug|Any CPU.Build.0 = Debug|Any CPU
		{A61A29C1-B0A0-4022-8C52-A5BD2BF961F4}.Release|Any CPU.ActiveCfg = Release|Any CPU
		{A61A29C1-B0A0-4022-8C52-A5BD2BF961F4}.Release|Any CPU.Build.0 = Release|Any CPU
	EndGlobalSection
	GlobalSection(SolutionProperties) = preSolution
		HideSolutionNode = FALSE
	EndGlobalSection
	GlobalSection(ExtensibilityGlobals) = postSolution
		SolutionGuid = {009CBCCE-308D-4E52-BC42-3DA5D9A8AFE4}
	EndGlobalSection
EndGlobal
