
Microsoft Visual Studio Solution File, Format Version 12.00
# Visual Studio Version 17
VisualStudioVersion = 17.1.32210.238
MinimumVisualStudioVersion = 10.0.40219.1
Project("{FAE04EC0-301F-11D3-BF4B-00C04F79EFBC}") = "205", "205\205.csproj", "{667340C6-1E98-4BE0-9314-733A1B61CA6D}"
EndProject
Project("{FAE04EC0-301F-11D3-BF4B-00C04F79EFBC}") = "206", "206\206.csproj", "{5674CFAB-F1BE-44D4-94A9-BA0814C86656}"
EndProject
Project("{FAE04EC0-301F-11D3-BF4B-00C04F79EFBC}") = "207", "207\207.csproj", "{2BE7B401-ECA8-40B0-ADC9-79DCC560ECB4}"
EndProject
Project("{FAE04EC0-301F-11D3-BF4B-00C04F79EFBC}") = "208", "208\208.csproj", "{B2183E16-946E-4C33-A150-30F48BB84F99}"
EndProject
Project("{FAE04EC0-301F-11D3-BF4B-00C04F79EFBC}") = "204", "204\204.csproj", "{4204964F-61A7-47A3-A33A-E115D3437D13}"
EndProject
Global
	GlobalSection(SolutionConfigurationPlatforms) = preSolution
		Debug|Any CPU = Debug|Any CPU
		Release|Any CPU = Release|Any CPU
	EndGlobalSection
	GlobalSection(ProjectConfigurationPlatforms) = postSolution
		{667340C6-1E98-4BE0-9314-733A1B61CA6D}.Debug|Any CPU.ActiveCfg = Debug|Any CPU
		{667340C6-1E98-4BE0-9314-733A1B61CA6D}.Debug|Any CPU.Build.0 = Debug|Any CPU
		{667340C6-1E98-4BE0-9314-733A1B61CA6D}.Release|Any CPU.ActiveCfg = Release|Any CPU
		{667340C6-1E98-4BE0-9314-733A1B61CA6D}.Release|Any CPU.Build.0 = Release|Any CPU
		{5674CFAB-F1BE-44D4-94A9-BA0814C86656}.Debug|Any CPU.ActiveCfg = Debug|Any CPU
		{5674CFAB-F1BE-44D4-94A9-BA0814C86656}.Debug|Any CPU.Build.0 = Debug|Any CPU
		{5674CFAB-F1BE-44D4-94A9-BA0814C86656}.Release|Any CPU.ActiveCfg = Release|Any CPU
		{5674CFAB-F1BE-44D4-94A9-BA0814C86656}.Release|Any CPU.Build.0 = Release|Any CPU
		{2BE7B401-ECA8-40B0-ADC9-79DCC560ECB4}.Debug|Any CPU.ActiveCfg = Debug|Any CPU
		{2BE7B401-ECA8-40B0-ADC9-79DCC560ECB4}.Debug|Any CPU.Build.0 = Debug|Any CPU
		{2BE7B401-ECA8-40B0-ADC9-79DCC560ECB4}.Release|Any CPU.ActiveCfg = Release|Any CPU
		{2BE7B401-ECA8-40B0-ADC9-79DCC560ECB4}.Release|Any CPU.Build.0 = Release|Any CPU
		{B2183E16-946E-4C33-A150-30F48BB84F99}.Debug|Any CPU.ActiveCfg = Debug|Any CPU
		{B2183E16-946E-4C33-A150-30F48BB84F99}.Debug|Any CPU.Build.0 = Debug|Any CPU
		{B2183E16-946E-4C33-A150-30F48BB84F99}.Release|Any CPU.ActiveCfg = Release|Any CPU
		{B2183E16-946E-4C33-A150-30F48BB84F99}.Release|Any CPU.Build.0 = Release|Any CPU
		{4204964F-61A7-47A3-A33A-E115D3437D13}.Debug|Any CPU.ActiveCfg = Debug|Any CPU
		{4204964F-61A7-47A3-A33A-E115D3437D13}.Debug|Any CPU.Build.0 = Debug|Any CPU
		{4204964F-61A7-47A3-A33A-E115D3437D13}.Release|Any CPU.ActiveCfg = Release|Any CPU
		{4204964F-61A7-47A3-A33A-E115D3437D13}.Release|Any CPU.Build.0 = Release|Any CPU
	EndGlobalSection
	GlobalSection(SolutionProperties) = preSolution
		HideSolutionNode = FALSE
	EndGlobalSection
	GlobalSection(ExtensibilityGlobals) = postSolution
		SolutionGuid = {35D99CE7-54E1-4CE5-92DF-A84AE7567FA7}
	EndGlobalSection
EndGlobal
