
Microsoft Visual Studio Solution File, Format Version 12.00
# Visual Studio Version 17
VisualStudioVersion = 17.2.32630.192
MinimumVisualStudioVersion = 10.0.40219.1
Project("{FAE04EC0-301F-11D3-BF4B-00C04F79EFBC}") = "Materials", "Materials.csproj", "{11333990-B96C-44E6-978D-C8471FB27E34}"
EndProject
Global
	GlobalSection(SolutionConfigurationPlatforms) = preSolution
		Debug|Any CPU = Debug|Any CPU
		Release|Any CPU = Release|Any CPU
	EndGlobalSection
	GlobalSection(ProjectConfigurationPlatforms) = postSolution
		{11333990-B96C-44E6-978D-C8471FB27E34}.Debug|Any CPU.ActiveCfg = Debug|Any CPU
		{11333990-B96C-44E6-978D-C8471FB27E34}.Debug|Any CPU.Build.0 = Debug|Any CPU
		{11333990-B96C-44E6-978D-C8471FB27E34}.Release|Any CPU.ActiveCfg = Release|Any CPU
		{11333990-B96C-44E6-978D-C8471FB27E34}.Release|Any CPU.Build.0 = Release|Any CPU
	EndGlobalSection
	GlobalSection(SolutionProperties) = preSolution
		HideSolutionNode = FALSE
	EndGlobalSection
	GlobalSection(ExtensibilityGlobals) = postSolution
		SolutionGuid = {E1AFDEB9-E96C-4E4E-BDA1-EA0178A00EC6}
	EndGlobalSection
EndGlobal
