
Microsoft Visual Studio Solution File, Format Version 12.00
# Visual Studio Version 16
VisualStudioVersion = 16.0.31205.134
MinimumVisualStudioVersion = 10.0.40219.1
Project("{FAE04EC0-301F-11D3-BF4B-00C04F79EFBC}") = "Task_208", "Task_208\Task_208.csproj", "{BDD2049A-EB84-44F9-8BF7-50987B8E4BDA}"
EndProject
Global
	GlobalSection(SolutionConfigurationPlatforms) = preSolution
		Debug|Any CPU = Debug|Any CPU
		Release|Any CPU = Release|Any CPU
	EndGlobalSection
	GlobalSection(ProjectConfigurationPlatforms) = postSolution
		{BDD2049A-EB84-44F9-8BF7-50987B8E4BDA}.Debug|Any CPU.ActiveCfg = Debug|Any CPU
		{BDD2049A-EB84-44F9-8BF7-50987B8E4BDA}.Debug|Any CPU.Build.0 = Debug|Any CPU
		{BDD2049A-EB84-44F9-8BF7-50987B8E4BDA}.Release|Any CPU.ActiveCfg = Release|Any CPU
		{BDD2049A-EB84-44F9-8BF7-50987B8E4BDA}.Release|Any CPU.Build.0 = Release|Any CPU
	EndGlobalSection
	GlobalSection(SolutionProperties) = preSolution
		HideSolutionNode = FALSE
	EndGlobalSection
	GlobalSection(ExtensibilityGlobals) = postSolution
		SolutionGuid = {8BEE0A6D-2BD7-4854-AC16-0FCDEB4A9D45}
	EndGlobalSection
EndGlobal
