
Microsoft Visual Studio Solution File, Format Version 12.00
# Visual Studio Version 16
VisualStudioVersion = 16.0.28922.388
MinimumVisualStudioVersion = 10.0.40219.1
Project("{FAE04EC0-301F-11D3-BF4B-00C04F79EFBC}") = "HomeWork", "HomeWork\HomeWork.csproj", "{0565C1E7-15E2-40B2-B427-7566710E978F}"
EndProject
Global
	GlobalSection(SolutionConfigurationPlatforms) = preSolution
		Debug|Any CPU = Debug|Any CPU
		Release|Any CPU = Release|Any CPU
	EndGlobalSection
	GlobalSection(ProjectConfigurationPlatforms) = postSolution
		{0565C1E7-15E2-40B2-B427-7566710E978F}.Debug|Any CPU.ActiveCfg = Debug|Any CPU
		{0565C1E7-15E2-40B2-B427-7566710E978F}.Debug|Any CPU.Build.0 = Debug|Any CPU
		{0565C1E7-15E2-40B2-B427-7566710E978F}.Release|Any CPU.ActiveCfg = Release|Any CPU
		{0565C1E7-15E2-40B2-B427-7566710E978F}.Release|Any CPU.Build.0 = Release|Any CPU
	EndGlobalSection
	GlobalSection(SolutionProperties) = preSolution
		HideSolutionNode = FALSE
	EndGlobalSection
	GlobalSection(ExtensibilityGlobals) = postSolution
		SolutionGuid = {8BD874BE-EA3F-4E68-95D0-DB73454812C9}
	EndGlobalSection
EndGlobal
