
Microsoft Visual Studio Solution File, Format Version 12.00
# Visual Studio Version 16
VisualStudioVersion = 16.0.28922.388
MinimumVisualStudioVersion = 10.0.40219.1
Project("{FAE04EC0-301F-11D3-BF4B-00C04F79EFBC}") = "MyFirstApp", "MyFirstApp\MyFirstApp.csproj", "{BDA29E0C-BAAE-408D-B297-B88DD066FFEF}"
EndProject
Global
	GlobalSection(SolutionConfigurationPlatforms) = preSolution
		Debug|Any CPU = Debug|Any CPU
		Release|Any CPU = Release|Any CPU
	EndGlobalSection
	GlobalSection(ProjectConfigurationPlatforms) = postSolution
		{BDA29E0C-BAAE-408D-B297-B88DD066FFEF}.Debug|Any CPU.ActiveCfg = Debug|Any CPU
		{BDA29E0C-BAAE-408D-B297-B88DD066FFEF}.Debug|Any CPU.Build.0 = Debug|Any CPU
		{BDA29E0C-BAAE-408D-B297-B88DD066FFEF}.Release|Any CPU.ActiveCfg = Release|Any CPU
		{BDA29E0C-BAAE-408D-B297-B88DD066FFEF}.Release|Any CPU.Build.0 = Release|Any CPU
	EndGlobalSection
	GlobalSection(SolutionProperties) = preSolution
		HideSolutionNode = FALSE
	EndGlobalSection
	GlobalSection(ExtensibilityGlobals) = postSolution
		SolutionGuid = {D91B9058-B050-46CF-8578-64B0E7ED979B}
	EndGlobalSection
EndGlobal
