
Microsoft Visual Studio Solution File, Format Version 12.00
# Visual Studio Version 17
VisualStudioVersion = 17.1.32210.238
MinimumVisualStudioVersion = 10.0.40219.1
Project("{FAE04EC0-301F-11D3-BF4B-00C04F79EFBC}") = "201", "201\201.csproj", "{D1EF3DE2-C8D1-4C14-AA4F-1DED89C2C2B9}"
EndProject
Global
	GlobalSection(SolutionConfigurationPlatforms) = preSolution
		Debug|Any CPU = Debug|Any CPU
		Release|Any CPU = Release|Any CPU
	EndGlobalSection
	GlobalSection(ProjectConfigurationPlatforms) = postSolution
		{D1EF3DE2-C8D1-4C14-AA4F-1DED89C2C2B9}.Debug|Any CPU.ActiveCfg = Debug|Any CPU
		{D1EF3DE2-C8D1-4C14-AA4F-1DED89C2C2B9}.Debug|Any CPU.Build.0 = Debug|Any CPU
		{D1EF3DE2-C8D1-4C14-AA4F-1DED89C2C2B9}.Release|Any CPU.ActiveCfg = Release|Any CPU
		{D1EF3DE2-C8D1-4C14-AA4F-1DED89C2C2B9}.Release|Any CPU.Build.0 = Release|Any CPU
	EndGlobalSection
	GlobalSection(SolutionProperties) = preSolution
		HideSolutionNode = FALSE
	EndGlobalSection
	GlobalSection(ExtensibilityGlobals) = postSolution
		SolutionGuid = {EDC5D332-E8F8-4E21-A73E-7017D2A7F15C}
	EndGlobalSection
EndGlobal
