
Microsoft Visual Studio Solution File, Format Version 12.00
# Visual Studio Version 17
VisualStudioVersion = 17.0.31611.283
MinimumVisualStudioVersion = 10.0.40219.1
Project("{9A19103F-16F7-4668-BE54-9A1E7A4F7556}") = "MauiApp1", "MauiApp1\MauiApp1.csproj", "{5D67594B-A16C-4E48-B734-49B4A49981ED}"
EndProject
Project("{FAE04EC0-301F-11D3-BF4B-00C04F79EFBC}") = "TryHouse", "MauiApp2\TryHouse.csproj", "{C2112EF4-FE59-42A7-AB3A-6326AA3284FF}"
EndProject
Global
	GlobalSection(SolutionConfigurationPlatforms) = preSolution
		Debug|Any CPU = Debug|Any CPU
		Release|Any CPU = Release|Any CPU
	EndGlobalSection
	GlobalSection(ProjectConfigurationPlatforms) = postSolution
		{5D67594B-A16C-4E48-B734-49B4A49981ED}.Debug|Any CPU.ActiveCfg = Debug|Any CPU
		{5D67594B-A16C-4E48-B734-49B4A49981ED}.Debug|Any CPU.Build.0 = Debug|Any CPU
		{5D67594B-A16C-4E48-B734-49B4A49981ED}.Debug|Any CPU.Deploy.0 = Debug|Any CPU
		{5D67594B-A16C-4E48-B734-49B4A49981ED}.Release|Any CPU.ActiveCfg = Release|Any CPU
		{5D67594B-A16C-4E48-B734-49B4A49981ED}.Release|Any CPU.Build.0 = Release|Any CPU
		{5D67594B-A16C-4E48-B734-49B4A49981ED}.Release|Any CPU.Deploy.0 = Release|Any CPU
		{C2112EF4-FE59-42A7-AB3A-6326AA3284FF}.Debug|Any CPU.ActiveCfg = Debug|Any CPU
		{C2112EF4-FE59-42A7-AB3A-6326AA3284FF}.Debug|Any CPU.Build.0 = Debug|Any CPU
		{C2112EF4-FE59-42A7-AB3A-6326AA3284FF}.Debug|Any CPU.Deploy.0 = Debug|Any CPU
		{C2112EF4-FE59-42A7-AB3A-6326AA3284FF}.Release|Any CPU.ActiveCfg = Release|Any CPU
		{C2112EF4-FE59-42A7-AB3A-6326AA3284FF}.Release|Any CPU.Build.0 = Release|Any CPU
		{C2112EF4-FE59-42A7-AB3A-6326AA3284FF}.Release|Any CPU.Deploy.0 = Release|Any CPU
	EndGlobalSection
	GlobalSection(SolutionProperties) = preSolution
		HideSolutionNode = FALSE
	EndGlobalSection
	GlobalSection(ExtensibilityGlobals) = postSolution
		SolutionGuid = {61F7FB11-1E47-470C-91E2-47F8143E1572}
	EndGlobalSection
EndGlobal
