
Microsoft Visual Studio Solution File, Format Version 12.00
# Visual Studio Version 16
VisualStudioVersion = 16.0.31205.134
MinimumVisualStudioVersion = 10.0.40219.1
Project("{FAE04EC0-301F-11D3-BF4B-00C04F79EFBC}") = "Task_206", "Task_206\Task_206.csproj", "{70723CFB-72B5-488C-A47A-B3EBF70DADAE}"
EndProject
Global
	GlobalSection(SolutionConfigurationPlatforms) = preSolution
		Debug|Any CPU = Debug|Any CPU
		Release|Any CPU = Release|Any CPU
	EndGlobalSection
	GlobalSection(ProjectConfigurationPlatforms) = postSolution
		{70723CFB-72B5-488C-A47A-B3EBF70DADAE}.Debug|Any CPU.ActiveCfg = Debug|Any CPU
		{70723CFB-72B5-488C-A47A-B3EBF70DADAE}.Debug|Any CPU.Build.0 = Debug|Any CPU
		{70723CFB-72B5-488C-A47A-B3EBF70DADAE}.Release|Any CPU.ActiveCfg = Release|Any CPU
		{70723CFB-72B5-488C-A47A-B3EBF70DADAE}.Release|Any CPU.Build.0 = Release|Any CPU
	EndGlobalSection
	GlobalSection(SolutionProperties) = preSolution
		HideSolutionNode = FALSE
	EndGlobalSection
	GlobalSection(ExtensibilityGlobals) = postSolution
		SolutionGuid = {83D94F58-0B51-468F-B7A0-7796455CD02A}
	EndGlobalSection
EndGlobal
