
Microsoft Visual Studio Solution File, Format Version 12.00
# Visual Studio Version 17
VisualStudioVersion = 17.0.31611.283
MinimumVisualStudioVersion = 10.0.40219.1
Project("{9A19103F-16F7-4668-BE54-9A1E7A4F7556}") = "SmartHouse_MAUI", "SmartHouse_MAUI\SmartHouse_MAUI.csproj", "{907D4070-D99E-400B-8A30-00A34F20EA36}"
EndProject
Project("{FAE04EC0-301F-11D3-BF4B-00C04F79EFBC}") = "TestProjectSmartHouse", "TestProjectSmartHouse\TestProjectSmartHouse.csproj", "{96C8D3D2-79C1-40FA-99C0-5E6AD70AB6C1}"
EndProject
Project("{FAE04EC0-301F-11D3-BF4B-00C04F79EFBC}") = "SmartHouseModels", "SmartHouseModels\SmartHouseModels.csproj", "{E83990BA-8A35-4BB1-92CF-0F0CFE0A21A7}"
EndProject
Global
	GlobalSection(SolutionConfigurationPlatforms) = preSolution
		Debug|Any CPU = Debug|Any CPU
		Release|Any CPU = Release|Any CPU
	EndGlobalSection
	GlobalSection(ProjectConfigurationPlatforms) = postSolution
		{907D4070-D99E-400B-8A30-00A34F20EA36}.Debug|Any CPU.ActiveCfg = Debug|Any CPU
		{907D4070-D99E-400B-8A30-00A34F20EA36}.Debug|Any CPU.Build.0 = Debug|Any CPU
		{907D4070-D99E-400B-8A30-00A34F20EA36}.Debug|Any CPU.Deploy.0 = Debug|Any CPU
		{907D4070-D99E-400B-8A30-00A34F20EA36}.Release|Any CPU.ActiveCfg = Release|Any CPU
		{907D4070-D99E-400B-8A30-00A34F20EA36}.Release|Any CPU.Build.0 = Release|Any CPU
		{907D4070-D99E-400B-8A30-00A34F20EA36}.Release|Any CPU.Deploy.0 = Release|Any CPU
		{96C8D3D2-79C1-40FA-99C0-5E6AD70AB6C1}.Debug|Any CPU.ActiveCfg = Debug|Any CPU
		{96C8D3D2-79C1-40FA-99C0-5E6AD70AB6C1}.Debug|Any CPU.Build.0 = Debug|Any CPU
		{96C8D3D2-79C1-40FA-99C0-5E6AD70AB6C1}.Release|Any CPU.ActiveCfg = Release|Any CPU
		{96C8D3D2-79C1-40FA-99C0-5E6AD70AB6C1}.Release|Any CPU.Build.0 = Release|Any CPU
		{E83990BA-8A35-4BB1-92CF-0F0CFE0A21A7}.Debug|Any CPU.ActiveCfg = Debug|Any CPU
		{E83990BA-8A35-4BB1-92CF-0F0CFE0A21A7}.Debug|Any CPU.Build.0 = Debug|Any CPU
		{E83990BA-8A35-4BB1-92CF-0F0CFE0A21A7}.Release|Any CPU.ActiveCfg = Release|Any CPU
		{E83990BA-8A35-4BB1-92CF-0F0CFE0A21A7}.Release|Any CPU.Build.0 = Release|Any CPU
	EndGlobalSection
	GlobalSection(SolutionProperties) = preSolution
		HideSolutionNode = FALSE
	EndGlobalSection
	GlobalSection(ExtensibilityGlobals) = postSolution
		SolutionGuid = {61F7FB11-1E47-470C-91E2-47F8143E1572}
	EndGlobalSection
EndGlobal
