
Microsoft Visual Studio Solution File, Format Version 12.00
# Visual Studio Version 17
VisualStudioVersion = 17.3.32811.315
MinimumVisualStudioVersion = 10.0.40219.1
Project("{9A19103F-16F7-4668-BE54-9A1E7A4F7556}") = "WebApiExample", "WebApiExample\WebApiExample.csproj", "{9C94FD02-59FD-4111-87D7-2940721191E0}"
EndProject
Project("{FAE04EC0-301F-11D3-BF4B-00C04F79EFBC}") = "WebExample", "WebExample\WebExample.csproj", "{0FDFE9DC-138B-48FC-8E6F-96F64B28B107}"
EndProject
Project("{FAE04EC0-301F-11D3-BF4B-00C04F79EFBC}") = "BAL", "BAL\BAL.csproj", "{84032516-B09C-4568-AC8C-652835157A3A}"
EndProject
Project("{FAE04EC0-301F-11D3-BF4B-00C04F79EFBC}") = "DAL", "DAL\DAL.csproj", "{30922B95-8327-4723-8000-AF3FD50DD9DF}"
EndProject
Global
	GlobalSection(SolutionConfigurationPlatforms) = preSolution
		Debug|Any CPU = Debug|Any CPU
		Release|Any CPU = Release|Any CPU
	EndGlobalSection
	GlobalSection(ProjectConfigurationPlatforms) = postSolution
		{9C94FD02-59FD-4111-87D7-2940721191E0}.Debug|Any CPU.ActiveCfg = Debug|Any CPU
		{9C94FD02-59FD-4111-87D7-2940721191E0}.Debug|Any CPU.Build.0 = Debug|Any CPU
		{9C94FD02-59FD-4111-87D7-2940721191E0}.Release|Any CPU.ActiveCfg = Release|Any CPU
		{9C94FD02-59FD-4111-87D7-2940721191E0}.Release|Any CPU.Build.0 = Release|Any CPU
		{0FDFE9DC-138B-48FC-8E6F-96F64B28B107}.Debug|Any CPU.ActiveCfg = Debug|Any CPU
		{0FDFE9DC-138B-48FC-8E6F-96F64B28B107}.Debug|Any CPU.Build.0 = Debug|Any CPU
		{0FDFE9DC-138B-48FC-8E6F-96F64B28B107}.Release|Any CPU.ActiveCfg = Release|Any CPU
		{0FDFE9DC-138B-48FC-8E6F-96F64B28B107}.Release|Any CPU.Build.0 = Release|Any CPU
		{84032516-B09C-4568-AC8C-652835157A3A}.Debug|Any CPU.ActiveCfg = Debug|Any CPU
		{84032516-B09C-4568-AC8C-652835157A3A}.Debug|Any CPU.Build.0 = Debug|Any CPU
		{84032516-B09C-4568-AC8C-652835157A3A}.Release|Any CPU.ActiveCfg = Release|Any CPU
		{84032516-B09C-4568-AC8C-652835157A3A}.Release|Any CPU.Build.0 = Release|Any CPU
		{30922B95-8327-4723-8000-AF3FD50DD9DF}.Debug|Any CPU.ActiveCfg = Debug|Any CPU
		{30922B95-8327-4723-8000-AF3FD50DD9DF}.Debug|Any CPU.Build.0 = Debug|Any CPU
		{30922B95-8327-4723-8000-AF3FD50DD9DF}.Release|Any CPU.ActiveCfg = Release|Any CPU
		{30922B95-8327-4723-8000-AF3FD50DD9DF}.Release|Any CPU.Build.0 = Release|Any CPU
	EndGlobalSection
	GlobalSection(SolutionProperties) = preSolution
		HideSolutionNode = FALSE
	EndGlobalSection
	GlobalSection(ExtensibilityGlobals) = postSolution
		SolutionGuid = {40B24F6A-7094-4406-83DC-FD51BF64A78A}
	EndGlobalSection
EndGlobal
